
Microsoft Visual Studio Solution File, Format Version 12.00
# Visual Studio Version 17
VisualStudioVersion = 17.6.33815.320
MinimumVisualStudioVersion = 10.0.40219.1
Project("{9A19103F-16F7-4668-BE54-9A1E7A4F7556}") = "Digitaledgetech", "Digitaledgetech\Digitaledgetech.csproj", "{083C51D2-9E65-4007-9BED-AB9A245EA34E}"
EndProject
Project("{FAE04EC0-301F-11D3-BF4B-00C04F79EFBC}") = "core", "core\core.csproj", "{4256828E-7234-4921-BA66-CFBE78684953}"
EndProject
Global
	GlobalSection(SolutionConfigurationPlatforms) = preSolution
		Debug|Any CPU = Debug|Any CPU
		Release|Any CPU = Release|Any CPU
	EndGlobalSection
	GlobalSection(ProjectConfigurationPlatforms) = postSolution
		{083C51D2-9E65-4007-9BED-AB9A245EA34E}.Debug|Any CPU.ActiveCfg = Debug|Any CPU
		{083C51D2-9E65-4007-9BED-AB9A245EA34E}.Debug|Any CPU.Build.0 = Debug|Any CPU
		{083C51D2-9E65-4007-9BED-AB9A245EA34E}.Release|Any CPU.ActiveCfg = Release|Any CPU
		{083C51D2-9E65-4007-9BED-AB9A245EA34E}.Release|Any CPU.Build.0 = Release|Any CPU
		{4256828E-7234-4921-BA66-CFBE78684953}.Debug|Any CPU.ActiveCfg = Debug|Any CPU
		{4256828E-7234-4921-BA66-CFBE78684953}.Debug|Any CPU.Build.0 = Debug|Any CPU
		{4256828E-7234-4921-BA66-CFBE78684953}.Release|Any CPU.ActiveCfg = Release|Any CPU
		{4256828E-7234-4921-BA66-CFBE78684953}.Release|Any CPU.Build.0 = Release|Any CPU
	EndGlobalSection
	GlobalSection(SolutionProperties) = preSolution
		HideSolutionNode = FALSE
	EndGlobalSection
	GlobalSection(ExtensibilityGlobals) = postSolution
		SolutionGuid = {A9C9E79B-0000-4967-B373-806F659B7D77}
	EndGlobalSection
EndGlobal
